
Microsoft Visual Studio Solution File, Format Version 12.00
# Visual Studio Version 16
VisualStudioVersion = 16.0.31702.278
MinimumVisualStudioVersion = 10.0.40219.1
Project("{FAE04EC0-301F-11D3-BF4B-00C04F79EFBC}") = "Empleados", "Empleados.csproj", "{395EE62C-89E9-40F3-87CD-D9DAD569AE06}"
EndProject
Global
	GlobalSection(SolutionConfigurationPlatforms) = preSolution
		Debug|Any CPU = Debug|Any CPU
		Release|Any CPU = Release|Any CPU
	EndGlobalSection
	GlobalSection(ProjectConfigurationPlatforms) = postSolution
		{395EE62C-89E9-40F3-87CD-D9DAD569AE06}.Debug|Any CPU.ActiveCfg = Debug|Any CPU
		{395EE62C-89E9-40F3-87CD-D9DAD569AE06}.Debug|Any CPU.Build.0 = Debug|Any CPU
		{395EE62C-89E9-40F3-87CD-D9DAD569AE06}.Release|Any CPU.ActiveCfg = Release|Any CPU
		{395EE62C-89E9-40F3-87CD-D9DAD569AE06}.Release|Any CPU.Build.0 = Release|Any CPU
	EndGlobalSection
	GlobalSection(SolutionProperties) = preSolution
		HideSolutionNode = FALSE
	EndGlobalSection
	GlobalSection(ExtensibilityGlobals) = postSolution
		SolutionGuid = {33F9EA4D-DE0A-4ACC-B640-5BA71CC9E3E1}
	EndGlobalSection
EndGlobal
