
Microsoft Visual Studio Solution File, Format Version 12.00
# Visual Studio Version 17
VisualStudioVersion = 17.10.34928.147
MinimumVisualStudioVersion = 10.0.40219.1
Project("{FAE04EC0-301F-11D3-BF4B-00C04F79EFBC}") = "Calculadora", "Calculadora.csproj", "{FA9A7F96-E1EA-4B55-A67F-BDB4DC511A62}"
EndProject
Global
	GlobalSection(SolutionConfigurationPlatforms) = preSolution
		Debug|Any CPU = Debug|Any CPU
		Release|Any CPU = Release|Any CPU
	EndGlobalSection
	GlobalSection(ProjectConfigurationPlatforms) = postSolution
		{FA9A7F96-E1EA-4B55-A67F-BDB4DC511A62}.Debug|Any CPU.ActiveCfg = Debug|Any CPU
		{FA9A7F96-E1EA-4B55-A67F-BDB4DC511A62}.Debug|Any CPU.Build.0 = Debug|Any CPU
		{FA9A7F96-E1EA-4B55-A67F-BDB4DC511A62}.Release|Any CPU.ActiveCfg = Release|Any CPU
		{FA9A7F96-E1EA-4B55-A67F-BDB4DC511A62}.Release|Any CPU.Build.0 = Release|Any CPU
	EndGlobalSection
	GlobalSection(SolutionProperties) = preSolution
		HideSolutionNode = FALSE
	EndGlobalSection
	GlobalSection(ExtensibilityGlobals) = postSolution
		SolutionGuid = {2D511519-2093-4675-B443-EE1AD5BD9C6F}
	EndGlobalSection
EndGlobal
